
Microsoft Visual Studio Solution File, Format Version 12.00
# Visual Studio Version 17
VisualStudioVersion = 17.0.31903.59
MinimumVisualStudioVersion = 10.0.40219.1
Project("{FAE04EC0-301F-11D3-BF4B-00C04F79EFBC}") = "PhotoPublisher", "PhotoPublisher\PhotoPublisher.csproj", "{1158946F-1AA5-4BA3-AC39-C07BE5208625}"
EndProject
Project("{FAE04EC0-301F-11D3-BF4B-00C04F79EFBC}") = "PhotoPublisherTest", "PhotoPublisherTest\PhotoPublisherTest.csproj", "{2E48B3B5-B6E9-419C-9BAF-EC5F4B74FCA8}"
EndProject
Global
	GlobalSection(SolutionConfigurationPlatforms) = preSolution
		Debug|Any CPU = Debug|Any CPU
		Release|Any CPU = Release|Any CPU
	EndGlobalSection
	GlobalSection(ProjectConfigurationPlatforms) = postSolution
		{1158946F-1AA5-4BA3-AC39-C07BE5208625}.Debug|Any CPU.ActiveCfg = Debug|Any CPU
		{1158946F-1AA5-4BA3-AC39-C07BE5208625}.Debug|Any CPU.Build.0 = Debug|Any CPU
		{1158946F-1AA5-4BA3-AC39-C07BE5208625}.Release|Any CPU.ActiveCfg = Release|Any CPU
		{1158946F-1AA5-4BA3-AC39-C07BE5208625}.Release|Any CPU.Build.0 = Release|Any CPU
		{2E48B3B5-B6E9-419C-9BAF-EC5F4B74FCA8}.Debug|Any CPU.ActiveCfg = Debug|Any CPU
		{2E48B3B5-B6E9-419C-9BAF-EC5F4B74FCA8}.Debug|Any CPU.Build.0 = Debug|Any CPU
		{2E48B3B5-B6E9-419C-9BAF-EC5F4B74FCA8}.Release|Any CPU.ActiveCfg = Release|Any CPU
		{2E48B3B5-B6E9-419C-9BAF-EC5F4B74FCA8}.Release|Any CPU.Build.0 = Release|Any CPU
	EndGlobalSection
	GlobalSection(SolutionProperties) = preSolution
		HideSolutionNode = FALSE
	EndGlobalSection
	GlobalSection(ExtensibilityGlobals) = postSolution
		SolutionGuid = {58AA26F4-6223-4CB5-88D4-2CD9AB85C136}
	EndGlobalSection
EndGlobal
